
Microsoft Visual Studio Solution File, Format Version 12.00
# Visual Studio Version 17
VisualStudioVersion = 17.3.32825.248
MinimumVisualStudioVersion = 10.0.40219.1
Project("{FAE04EC0-301F-11D3-BF4B-00C04F79EFBC}") = "Domain", "Domain\Domain.csproj", "{05A92D9E-CA8E-4630-B900-FC84AE93934B}"
EndProject
Project("{FAE04EC0-301F-11D3-BF4B-00C04F79EFBC}") = "Infraestructure", "Infraestructure\Infraestructure.csproj", "{11707A04-4AEE-4D7C-A7B2-C0AE8CB0AFA0}"
EndProject
Project("{FAE04EC0-301F-11D3-BF4B-00C04F79EFBC}") = "Aplication", "Aplication\Aplication.csproj", "{B35AA538-0C14-405F-8124-5F9483DF28A9}"
EndProject
Project("{FAE04EC0-301F-11D3-BF4B-00C04F79EFBC}") = "API", "API\API.csproj", "{F252F8CB-D5F5-47E0-8007-5191D4D884F1}"
EndProject
Global
	GlobalSection(SolutionConfigurationPlatforms) = preSolution
		Debug|Any CPU = Debug|Any CPU
		Release|Any CPU = Release|Any CPU
	EndGlobalSection
	GlobalSection(ProjectConfigurationPlatforms) = postSolution
		{05A92D9E-CA8E-4630-B900-FC84AE93934B}.Debug|Any CPU.ActiveCfg = Debug|Any CPU
		{05A92D9E-CA8E-4630-B900-FC84AE93934B}.Debug|Any CPU.Build.0 = Debug|Any CPU
		{05A92D9E-CA8E-4630-B900-FC84AE93934B}.Release|Any CPU.ActiveCfg = Release|Any CPU
		{05A92D9E-CA8E-4630-B900-FC84AE93934B}.Release|Any CPU.Build.0 = Release|Any CPU
		{11707A04-4AEE-4D7C-A7B2-C0AE8CB0AFA0}.Debug|Any CPU.ActiveCfg = Debug|Any CPU
		{11707A04-4AEE-4D7C-A7B2-C0AE8CB0AFA0}.Debug|Any CPU.Build.0 = Debug|Any CPU
		{11707A04-4AEE-4D7C-A7B2-C0AE8CB0AFA0}.Release|Any CPU.ActiveCfg = Release|Any CPU
		{11707A04-4AEE-4D7C-A7B2-C0AE8CB0AFA0}.Release|Any CPU.Build.0 = Release|Any CPU
		{B35AA538-0C14-405F-8124-5F9483DF28A9}.Debug|Any CPU.ActiveCfg = Debug|Any CPU
		{B35AA538-0C14-405F-8124-5F9483DF28A9}.Debug|Any CPU.Build.0 = Debug|Any CPU
		{B35AA538-0C14-405F-8124-5F9483DF28A9}.Release|Any CPU.ActiveCfg = Release|Any CPU
		{B35AA538-0C14-405F-8124-5F9483DF28A9}.Release|Any CPU.Build.0 = Release|Any CPU
		{F252F8CB-D5F5-47E0-8007-5191D4D884F1}.Debug|Any CPU.ActiveCfg = Debug|Any CPU
		{F252F8CB-D5F5-47E0-8007-5191D4D884F1}.Debug|Any CPU.Build.0 = Debug|Any CPU
		{F252F8CB-D5F5-47E0-8007-5191D4D884F1}.Release|Any CPU.ActiveCfg = Release|Any CPU
		{F252F8CB-D5F5-47E0-8007-5191D4D884F1}.Release|Any CPU.Build.0 = Release|Any CPU
	EndGlobalSection
	GlobalSection(SolutionProperties) = preSolution
		HideSolutionNode = FALSE
	EndGlobalSection
	GlobalSection(ExtensibilityGlobals) = postSolution
		SolutionGuid = {A64D9848-F010-44E0-A4EA-A6D34E9BBEC7}
	EndGlobalSection
EndGlobal
